
Microsoft Visual Studio Solution File, Format Version 12.00
# Visual Studio 15
Project("{FAE04EC0-301F-11D3-BF4B-00C04F79EFBC}") = "Assembly-CSharp", "Assembly-CSharp.csproj", "{366DCB44-2018-7A14-513B-4961F1BE6563}"
EndProject
Project("{FAE04EC0-301F-11D3-BF4B-00C04F79EFBC}") = "Assembly-CSharp-Editor", "Assembly-CSharp-Editor.csproj", "{63ED9FCF-BFBC-FA97-8ECE-EC20A35ACE43}"
EndProject
Global
	GlobalSection(SolutionConfigurationPlatforms) = preSolution
		Debug|Any CPU = Debug|Any CPU
		Release|Any CPU = Release|Any CPU
	EndGlobalSection
	GlobalSection(ProjectConfigurationPlatforms) = postSolution
		{366DCB44-2018-7A14-513B-4961F1BE6563}.Debug|Any CPU.ActiveCfg = Debug|Any CPU
		{366DCB44-2018-7A14-513B-4961F1BE6563}.Debug|Any CPU.Build.0 = Debug|Any CPU
		{366DCB44-2018-7A14-513B-4961F1BE6563}.Release|Any CPU.ActiveCfg = Release|Any CPU
		{366DCB44-2018-7A14-513B-4961F1BE6563}.Release|Any CPU.Build.0 = Release|Any CPU
		{63ED9FCF-BFBC-FA97-8ECE-EC20A35ACE43}.Debug|Any CPU.ActiveCfg = Debug|Any CPU
		{63ED9FCF-BFBC-FA97-8ECE-EC20A35ACE43}.Debug|Any CPU.Build.0 = Debug|Any CPU
		{63ED9FCF-BFBC-FA97-8ECE-EC20A35ACE43}.Release|Any CPU.ActiveCfg = Release|Any CPU
		{63ED9FCF-BFBC-FA97-8ECE-EC20A35ACE43}.Release|Any CPU.Build.0 = Release|Any CPU
	EndGlobalSection
	GlobalSection(SolutionProperties) = preSolution
		HideSolutionNode = FALSE
	EndGlobalSection
EndGlobal
